# THIS IS AN AUTOGENERATED FILE. DO NOT EDIT THIS FILE DIRECTLY.
# yarn lockfile v1


csv-writer@^1.2.0:
  version "1.2.0"
  resolved "https://registry.yarnpkg.com/csv-writer/-/csv-writer-1.2.0.tgz#b81a818e297e05308e9b1fc2f8c9342e0206cfea"
  integrity sha512-ZU7eZ26y7oIOXwFHhTNnT/tF6RXMdQnuTGofzNTe1cvXacZm3Ixd7Oa9mOp2f1t39Ezfzg0h5tqfOjXM180BOg==
